// !$*UTF8*$!
{
	archiveVersion = 1;
	classes = {
	};
	objectVersion = 56;
	objects = {

/* Begin PBXBuildFile section */
		ADFC9D6E2B4AEAC900ABA9D3 /* AppDelegate.swift in Sources */ = {isa = PBXBuildFile; fileRef = ADFC9D6D2B4AEAC900ABA9D3 /* AppDelegate.swift */; };
		ADFC9D702B4AEAC900ABA9D3 /* SceneDelegate.swift in Sources */ = {isa = PBXBuildFile; fileRef = ADFC9D6F2B4AEAC900ABA9D3 /* SceneDelegate.swift */; };
		ADFC9D772B4AEACB00ABA9D3 /* Assets.xcassets in Resources */ = {isa = PBXBuildFile; fileRef = ADFC9D762B4AEACB00ABA9D3 /* Assets.xcassets */; };
		ADFC9D7A2B4AEACB00ABA9D3 /* LaunchScreen.storyboard in Resources */ = {isa = PBXBuildFile; fileRef = ADFC9D782B4AEACB00ABA9D3 /* LaunchScreen.storyboard */; };
		ADFC9D8C2B4AF42F00ABA9D3 /* Superhero.swift in Sources */ = {isa = PBXBuildFile; fileRef = ADFC9D8B2B4AF42F00ABA9D3 /* Superhero.swift */; };
		ADFC9D8E2B4AF6DD00ABA9D3 /* NetworkManager.swift in Sources */ = {isa = PBXBuildFile; fileRef = ADFC9D8D2B4AF6DD00ABA9D3 /* NetworkManager.swift */; };
		ADFC9D902B4AF7BF00ABA9D3 /* Api.swift in Sources */ = {isa = PBXBuildFile; fileRef = ADFC9D8F2B4AF7BF00ABA9D3 /* Api.swift */; };
		ADFC9D922B4AFBA800ABA9D3 /* SuperHeroesViewController.swift in Sources */ = {isa = PBXBuildFile; fileRef = ADFC9D912B4AFBA800ABA9D3 /* SuperHeroesViewController.swift */; };
		ADFC9D962B4B2DC100ABA9D3 /* SuperHeroesCollectionViewCell.swift in Sources */ = {isa = PBXBuildFile; fileRef = ADFC9D952B4B2DC100ABA9D3 /* SuperHeroesCollectionViewCell.swift */; };
		ADFC9D982B4C3E1100ABA9D3 /* ImageCache.swift in Sources */ = {isa = PBXBuildFile; fileRef = ADFC9D972B4C3E1100ABA9D3 /* ImageCache.swift */; };
		ADFC9D9B2B4D908200ABA9D3 /* SuperHeroDetailsViewController.swift in Sources */ = {isa = PBXBuildFile; fileRef = ADFC9D9A2B4D908200ABA9D3 /* SuperHeroDetailsViewController.swift */; };
		ADFC9D9D2B4DD1C900ABA9D3 /* SuperheroInfo.swift in Sources */ = {isa = PBXBuildFile; fileRef = ADFC9D9C2B4DD1C900ABA9D3 /* SuperheroInfo.swift */; };
		ADFC9DA02B4DD22900ABA9D3 /* UILabel+extension.swift in Sources */ = {isa = PBXBuildFile; fileRef = ADFC9D9F2B4DD22900ABA9D3 /* UILabel+extension.swift */; };
		ADFC9DA22B4DD35700ABA9D3 /* UIStackView+extension.swift in Sources */ = {isa = PBXBuildFile; fileRef = ADFC9DA12B4DD35700ABA9D3 /* UIStackView+extension.swift */; };
		ADFC9DA62B4E9CF600ABA9D3 /* UIButton+extension.swift in Sources */ = {isa = PBXBuildFile; fileRef = ADFC9DA52B4E9CF600ABA9D3 /* UIButton+extension.swift */; };
		ADFC9DAC2B4EA6AD00ABA9D3 /* UIImageView+extension.swift in Sources */ = {isa = PBXBuildFile; fileRef = ADFC9DAB2B4EA6AD00ABA9D3 /* UIImageView+extension.swift */; };
/* End PBXBuildFile section */

/* Begin PBXFileReference section */
		ADFC9D6A2B4AEAC900ABA9D3 /* Heroes.app */ = {isa = PBXFileReference; explicitFileType = wrapper.application; includeInIndex = 0; path = Heroes.app; sourceTree = BUILT_PRODUCTS_DIR; };
		ADFC9D6D2B4AEAC900ABA9D3 /* AppDelegate.swift */ = {isa = PBXFileReference; lastKnownFileType = sourcecode.swift; path = AppDelegate.swift; sourceTree = "<group>"; };
		ADFC9D6F2B4AEAC900ABA9D3 /* SceneDelegate.swift */ = {isa = PBXFileReference; lastKnownFileType = sourcecode.swift; path = SceneDelegate.swift; sourceTree = "<group>"; };
		ADFC9D762B4AEACB00ABA9D3 /* Assets.xcassets */ = {isa = PBXFileReference; lastKnownFileType = folder.assetcatalog; path = Assets.xcassets; sourceTree = "<group>"; };
		ADFC9D792B4AEACB00ABA9D3 /* Base */ = {isa = PBXFileReference; lastKnownFileType = file.storyboard; name = Base; path = Base.lproj/LaunchScreen.storyboard; sourceTree = "<group>"; };
		ADFC9D7B2B4AEACB00ABA9D3 /* Info.plist */ = {isa = PBXFileReference; lastKnownFileType = text.plist.xml; path = Info.plist; sourceTree = "<group>"; };
		ADFC9D8B2B4AF42F00ABA9D3 /* Superhero.swift */ = {isa = PBXFileReference; lastKnownFileType = sourcecode.swift; path = Superhero.swift; sourceTree = "<group>"; };
		ADFC9D8D2B4AF6DD00ABA9D3 /* NetworkManager.swift */ = {isa = PBXFileReference; lastKnownFileType = sourcecode.swift; path = NetworkManager.swift; sourceTree = "<group>"; };
		ADFC9D8F2B4AF7BF00ABA9D3 /* Api.swift */ = {isa = PBXFileReference; lastKnownFileType = sourcecode.swift; path = Api.swift; sourceTree = "<group>"; };
		ADFC9D912B4AFBA800ABA9D3 /* SuperHeroesViewController.swift */ = {isa = PBXFileReference; lastKnownFileType = sourcecode.swift; path = SuperHeroesViewController.swift; sourceTree = "<group>"; };
		ADFC9D952B4B2DC100ABA9D3 /* SuperHeroesCollectionViewCell.swift */ = {isa = PBXFileReference; lastKnownFileType = sourcecode.swift; path = SuperHeroesCollectionViewCell.swift; sourceTree = "<group>"; };
		ADFC9D972B4C3E1100ABA9D3 /* ImageCache.swift */ = {isa = PBXFileReference; lastKnownFileType = sourcecode.swift; path = ImageCache.swift; sourceTree = "<group>"; };
		ADFC9D9A2B4D908200ABA9D3 /* SuperHeroDetailsViewController.swift */ = {isa = PBXFileReference; lastKnownFileType = sourcecode.swift; path = SuperHeroDetailsViewController.swift; sourceTree = "<group>"; };
		ADFC9D9C2B4DD1C900ABA9D3 /* SuperheroInfo.swift */ = {isa = PBXFileReference; lastKnownFileType = sourcecode.swift; path = SuperheroInfo.swift; sourceTree = "<group>"; };
		ADFC9D9F2B4DD22900ABA9D3 /* UILabel+extension.swift */ = {isa = PBXFileReference; lastKnownFileType = sourcecode.swift; path = "UILabel+extension.swift"; sourceTree = "<group>"; };
		ADFC9DA12B4DD35700ABA9D3 /* UIStackView+extension.swift */ = {isa = PBXFileReference; lastKnownFileType = sourcecode.swift; path = "UIStackView+extension.swift"; sourceTree = "<group>"; };
		ADFC9DA52B4E9CF600ABA9D3 /* UIButton+extension.swift */ = {isa = PBXFileReference; lastKnownFileType = sourcecode.swift; path = "UIButton+extension.swift"; sourceTree = "<group>"; };
		ADFC9DAB2B4EA6AD00ABA9D3 /* UIImageView+extension.swift */ = {isa = PBXFileReference; lastKnownFileType = sourcecode.swift; path = "UIImageView+extension.swift"; sourceTree = "<group>"; };
/* End PBXFileReference section */

/* Begin PBXFrameworksBuildPhase section */
		ADFC9D672B4AEAC900ABA9D3 /* Frameworks */ = {
			isa = PBXFrameworksBuildPhase;
			buildActionMask = 2147483647;
			files = (
			);
			runOnlyForDeploymentPostprocessing = 0;
		};
/* End PBXFrameworksBuildPhase section */

/* Begin PBXGroup section */
		ADFC9D612B4AEAC900ABA9D3 = {
			isa = PBXGroup;
			children = (
				ADFC9D6C2B4AEAC900ABA9D3 /* Heroes */,
				ADFC9D6B2B4AEAC900ABA9D3 /* Products */,
			);
			sourceTree = "<group>";
		};
		ADFC9D6B2B4AEAC900ABA9D3 /* Products */ = {
			isa = PBXGroup;
			children = (
				ADFC9D6A2B4AEAC900ABA9D3 /* Heroes.app */,
			);
			name = Products;
			sourceTree = "<group>";
		};
		ADFC9D6C2B4AEAC900ABA9D3 /* Heroes */ = {
			isa = PBXGroup;
			children = (
				ADFC9D9E2B4DD20000ABA9D3 /* Extensions */,
				ADFC9D8A2B4AF0B200ABA9D3 /* Secrets */,
				ADFC9D812B4AEB1D00ABA9D3 /* App */,
				ADFC9D862B4AEB7100ABA9D3 /* Models */,
				ADFC9D852B4AEB6B00ABA9D3 /* Views */,
				ADFC9D842B4AEB5E00ABA9D3 /* ViewControllers */,
				ADFC9D872B4AEB8900ABA9D3 /* Services */,
				ADFC9D822B4AEB3100ABA9D3 /* Resources */,
				ADFC9D832B4AEB4500ABA9D3 /* SupprotingFiles */,
			);
			path = Heroes;
			sourceTree = "<group>";
		};
		ADFC9D812B4AEB1D00ABA9D3 /* App */ = {
			isa = PBXGroup;
			children = (
				ADFC9D6D2B4AEAC900ABA9D3 /* AppDelegate.swift */,
				ADFC9D6F2B4AEAC900ABA9D3 /* SceneDelegate.swift */,
			);
			path = App;
			sourceTree = "<group>";
		};
		ADFC9D822B4AEB3100ABA9D3 /* Resources */ = {
			isa = PBXGroup;
			children = (
				ADFC9D762B4AEACB00ABA9D3 /* Assets.xcassets */,
			);
			path = Resources;
			sourceTree = "<group>";
		};
		ADFC9D832B4AEB4500ABA9D3 /* SupprotingFiles */ = {
			isa = PBXGroup;
			children = (
				ADFC9D782B4AEACB00ABA9D3 /* LaunchScreen.storyboard */,
				ADFC9D7B2B4AEACB00ABA9D3 /* Info.plist */,
			);
			path = SupprotingFiles;
			sourceTree = "<group>";
		};
		ADFC9D842B4AEB5E00ABA9D3 /* ViewControllers */ = {
			isa = PBXGroup;
			children = (
				ADFC9D912B4AFBA800ABA9D3 /* SuperHeroesViewController.swift */,
				ADFC9D9A2B4D908200ABA9D3 /* SuperHeroDetailsViewController.swift */,
			);
			path = ViewControllers;
			sourceTree = "<group>";
		};
		ADFC9D852B4AEB6B00ABA9D3 /* Views */ = {
			isa = PBXGroup;
			children = (
				ADFC9D952B4B2DC100ABA9D3 /* SuperHeroesCollectionViewCell.swift */,
				ADFC9D9C2B4DD1C900ABA9D3 /* SuperheroInfo.swift */,
			);
			path = Views;
			sourceTree = "<group>";
		};
		ADFC9D862B4AEB7100ABA9D3 /* Models */ = {
			isa = PBXGroup;
			children = (
				ADFC9D8B2B4AF42F00ABA9D3 /* Superhero.swift */,
			);
			path = Models;
			sourceTree = "<group>";
		};
		ADFC9D872B4AEB8900ABA9D3 /* Services */ = {
			isa = PBXGroup;
			children = (
				ADFC9D8D2B4AF6DD00ABA9D3 /* NetworkManager.swift */,
				ADFC9D972B4C3E1100ABA9D3 /* ImageCache.swift */,
			);
			path = Services;
			sourceTree = "<group>";
		};
		ADFC9D8A2B4AF0B200ABA9D3 /* Secrets */ = {
			isa = PBXGroup;
			children = (
				ADFC9D8F2B4AF7BF00ABA9D3 /* Api.swift */,
			);
			path = Secrets;
			sourceTree = "<group>";
		};
		ADFC9D9E2B4DD20000ABA9D3 /* Extensions */ = {
			isa = PBXGroup;
			children = (
				ADFC9D9F2B4DD22900ABA9D3 /* UILabel+extension.swift */,
				ADFC9DA12B4DD35700ABA9D3 /* UIStackView+extension.swift */,
				ADFC9DA52B4E9CF600ABA9D3 /* UIButton+extension.swift */,
				ADFC9DAB2B4EA6AD00ABA9D3 /* UIImageView+extension.swift */,
			);
			path = Extensions;
			sourceTree = "<group>";
		};
/* End PBXGroup section */

/* Begin PBXNativeTarget section */
		ADFC9D692B4AEAC900ABA9D3 /* Heroes */ = {
			isa = PBXNativeTarget;
			buildConfigurationList = ADFC9D7E2B4AEACB00ABA9D3 /* Build configuration list for PBXNativeTarget "Heroes" */;
			buildPhases = (
				ADFC9D662B4AEAC900ABA9D3 /* Sources */,
				ADFC9D672B4AEAC900ABA9D3 /* Frameworks */,
				ADFC9D682B4AEAC900ABA9D3 /* Resources */,
			);
			buildRules = (
			);
			dependencies = (
			);
			name = Heroes;
			productName = Heroes;
			productReference = ADFC9D6A2B4AEAC900ABA9D3 /* Heroes.app */;
			productType = "com.apple.product-type.application";
		};
/* End PBXNativeTarget section */

/* Begin PBXProject section */
		ADFC9D622B4AEAC900ABA9D3 /* Project object */ = {
			isa = PBXProject;
			attributes = {
				BuildIndependentTargetsInParallel = 1;
				LastSwiftUpdateCheck = 1430;
				LastUpgradeCheck = 1430;
				TargetAttributes = {
					ADFC9D692B4AEAC900ABA9D3 = {
						CreatedOnToolsVersion = 14.3.1;
					};
				};
			};
			buildConfigurationList = ADFC9D652B4AEAC900ABA9D3 /* Build configuration list for PBXProject "Heroes" */;
			compatibilityVersion = "Xcode 14.0";
			developmentRegion = en;
			hasScannedForEncodings = 0;
			knownRegions = (
				en,
				Base,
			);
			mainGroup = ADFC9D612B4AEAC900ABA9D3;
			productRefGroup = ADFC9D6B2B4AEAC900ABA9D3 /* Products */;
			projectDirPath = "";
			projectRoot = "";
			targets = (
				ADFC9D692B4AEAC900ABA9D3 /* Heroes */,
			);
		};
/* End PBXProject section */

/* Begin PBXResourcesBuildPhase section */
		ADFC9D682B4AEAC900ABA9D3 /* Resources */ = {
			isa = PBXResourcesBuildPhase;
			buildActionMask = 2147483647;
			files = (
				ADFC9D7A2B4AEACB00ABA9D3 /* LaunchScreen.storyboard in Resources */,
				ADFC9D772B4AEACB00ABA9D3 /* Assets.xcassets in Resources */,
			);
			runOnlyForDeploymentPostprocessing = 0;
		};
/* End PBXResourcesBuildPhase section */

/* Begin PBXSourcesBuildPhase section */
		ADFC9D662B4AEAC900ABA9D3 /* Sources */ = {
			isa = PBXSourcesBuildPhase;
			buildActionMask = 2147483647;
			files = (
				ADFC9D902B4AF7BF00ABA9D3 /* Api.swift in Sources */,
				ADFC9D962B4B2DC100ABA9D3 /* SuperHeroesCollectionViewCell.swift in Sources */,
				ADFC9D982B4C3E1100ABA9D3 /* ImageCache.swift in Sources */,
				ADFC9D8E2B4AF6DD00ABA9D3 /* NetworkManager.swift in Sources */,
				ADFC9D9D2B4DD1C900ABA9D3 /* SuperheroInfo.swift in Sources */,
				ADFC9DA02B4DD22900ABA9D3 /* UILabel+extension.swift in Sources */,
				ADFC9D6E2B4AEAC900ABA9D3 /* AppDelegate.swift in Sources */,
				ADFC9DA62B4E9CF600ABA9D3 /* UIButton+extension.swift in Sources */,
				ADFC9D702B4AEAC900ABA9D3 /* SceneDelegate.swift in Sources */,
				ADFC9D9B2B4D908200ABA9D3 /* SuperHeroDetailsViewController.swift in Sources */,
				ADFC9DA22B4DD35700ABA9D3 /* UIStackView+extension.swift in Sources */,
				ADFC9D922B4AFBA800ABA9D3 /* SuperHeroesViewController.swift in Sources */,
				ADFC9DAC2B4EA6AD00ABA9D3 /* UIImageView+extension.swift in Sources */,
				ADFC9D8C2B4AF42F00ABA9D3 /* Superhero.swift in Sources */,
			);
			runOnlyForDeploymentPostprocessing = 0;
		};
/* End PBXSourcesBuildPhase section */

/* Begin PBXVariantGroup section */
		ADFC9D782B4AEACB00ABA9D3 /* LaunchScreen.storyboard */ = {
			isa = PBXVariantGroup;
			children = (
				ADFC9D792B4AEACB00ABA9D3 /* Base */,
			);
			name = LaunchScreen.storyboard;
			sourceTree = "<group>";
		};
/* End PBXVariantGroup section */

/* Begin XCBuildConfiguration section */
		ADFC9D7C2B4AEACB00ABA9D3 /* Debug */ = {
			isa = XCBuildConfiguration;
			buildSettings = {
				ALWAYS_SEARCH_USER_PATHS = NO;
				CLANG_ANALYZER_NONNULL = YES;
				CLANG_ANALYZER_NUMBER_OBJECT_CONVERSION = YES_AGGRESSIVE;
				CLANG_CXX_LANGUAGE_STANDARD = "gnu++20";
				CLANG_ENABLE_MODULES = YES;
				CLANG_ENABLE_OBJC_ARC = YES;
				CLANG_ENABLE_OBJC_WEAK = YES;
				CLANG_WARN_BLOCK_CAPTURE_AUTORELEASING = YES;
				CLANG_WARN_BOOL_CONVERSION = YES;
				CLANG_WARN_COMMA = YES;
				CLANG_WARN_CONSTANT_CONVERSION = YES;
				CLANG_WARN_DEPRECATED_OBJC_IMPLEMENTATIONS = YES;
				CLANG_WARN_DIRECT_OBJC_ISA_USAGE = YES_ERROR;
				CLANG_WARN_DOCUMENTATION_COMMENTS = YES;
				CLANG_WARN_EMPTY_BODY = YES;
				CLANG_WARN_ENUM_CONVERSION = YES;
				CLANG_WARN_INFINITE_RECURSION = YES;
				CLANG_WARN_INT_CONVERSION = YES;
				CLANG_WARN_NON_LITERAL_NULL_CONVERSION = YES;
				CLANG_WARN_OBJC_IMPLICIT_RETAIN_SELF = YES;
				CLANG_WARN_OBJC_LITERAL_CONVERSION = YES;
				CLANG_WARN_OBJC_ROOT_CLASS = YES_ERROR;
				CLANG_WARN_QUOTED_INCLUDE_IN_FRAMEWORK_HEADER = YES;
				CLANG_WARN_RANGE_LOOP_ANALYSIS = YES;
				CLANG_WARN_STRICT_PROTOTYPES = YES;
				CLANG_WARN_SUSPICIOUS_MOVE = YES;
				CLANG_WARN_UNGUARDED_AVAILABILITY = YES_AGGRESSIVE;
				CLANG_WARN_UNREACHABLE_CODE = YES;
				CLANG_WARN__DUPLICATE_METHOD_MATCH = YES;
				COPY_PHASE_STRIP = NO;
				DEBUG_INFORMATION_FORMAT = dwarf;
				ENABLE_STRICT_OBJC_MSGSEND = YES;
				ENABLE_TESTABILITY = YES;
				GCC_C_LANGUAGE_STANDARD = gnu11;
				GCC_DYNAMIC_NO_PIC = NO;
				GCC_NO_COMMON_BLOCKS = YES;
				GCC_OPTIMIZATION_LEVEL = 0;
				GCC_PREPROCESSOR_DEFINITIONS = (
					"DEBUG=1",
					"$(inherited)",
				);
				GCC_WARN_64_TO_32_BIT_CONVERSION = YES;
				GCC_WARN_ABOUT_RETURN_TYPE = YES_ERROR;
				GCC_WARN_UNDECLARED_SELECTOR = YES;
				GCC_WARN_UNINITIALIZED_AUTOS = YES_AGGRESSIVE;
				GCC_WARN_UNUSED_FUNCTION = YES;
				GCC_WARN_UNUSED_VARIABLE = YES;
				IPHONEOS_DEPLOYMENT_TARGET = 16.4;
				MTL_ENABLE_DEBUG_INFO = INCLUDE_SOURCE;
				MTL_FAST_MATH = YES;
				ONLY_ACTIVE_ARCH = YES;
				SDKROOT = iphoneos;
				SWIFT_ACTIVE_COMPILATION_CONDITIONS = DEBUG;
				SWIFT_OPTIMIZATION_LEVEL = "-Onone";
			};
			name = Debug;
		};
		ADFC9D7D2B4AEACB00ABA9D3 /* Release */ = {
			isa = XCBuildConfiguration;
			buildSettings = {
				ALWAYS_SEARCH_USER_PATHS = NO;
				CLANG_ANALYZER_NONNULL = YES;
				CLANG_ANALYZER_NUMBER_OBJECT_CONVERSION = YES_AGGRESSIVE;
				CLANG_CXX_LANGUAGE_STANDARD = "gnu++20";
				CLANG_ENABLE_MODULES = YES;
				CLANG_ENABLE_OBJC_ARC = YES;
				CLANG_ENABLE_OBJC_WEAK = YES;
				CLANG_WARN_BLOCK_CAPTURE_AUTORELEASING = YES;
				CLANG_WARN_BOOL_CONVERSION = YES;
				CLANG_WARN_COMMA = YES;
				CLANG_WARN_CONSTANT_CONVERSION = YES;
				CLANG_WARN_DEPRECATED_OBJC_IMPLEMENTATIONS = YES;
				CLANG_WARN_DIRECT_OBJC_ISA_USAGE = YES_ERROR;
				CLANG_WARN_DOCUMENTATION_COMMENTS = YES;
				CLANG_WARN_EMPTY_BODY = YES;
				CLANG_WARN_ENUM_CONVERSION = YES;
				CLANG_WARN_INFINITE_RECURSION = YES;
				CLANG_WARN_INT_CONVERSION = YES;
				CLANG_WARN_NON_LITERAL_NULL_CONVERSION = YES;
				CLANG_WARN_OBJC_IMPLICIT_RETAIN_SELF = YES;
				CLANG_WARN_OBJC_LITERAL_CONVERSION = YES;
				CLANG_WARN_OBJC_ROOT_CLASS = YES_ERROR;
				CLANG_WARN_QUOTED_INCLUDE_IN_FRAMEWORK_HEADER = YES;
				CLANG_WARN_RANGE_LOOP_ANALYSIS = YES;
				CLANG_WARN_STRICT_PROTOTYPES = YES;
				CLANG_WARN_SUSPICIOUS_MOVE = YES;
				CLANG_WARN_UNGUARDED_AVAILABILITY = YES_AGGRESSIVE;
				CLANG_WARN_UNREACHABLE_CODE = YES;
				CLANG_WARN__DUPLICATE_METHOD_MATCH = YES;
				COPY_PHASE_STRIP = NO;
				DEBUG_INFORMATION_FORMAT = "dwarf-with-dsym";
				ENABLE_NS_ASSERTIONS = NO;
				ENABLE_STRICT_OBJC_MSGSEND = YES;
				GCC_C_LANGUAGE_STANDARD = gnu11;
				GCC_NO_COMMON_BLOCKS = YES;
				GCC_WARN_64_TO_32_BIT_CONVERSION = YES;
				GCC_WARN_ABOUT_RETURN_TYPE = YES_ERROR;
				GCC_WARN_UNDECLARED_SELECTOR = YES;
				GCC_WARN_UNINITIALIZED_AUTOS = YES_AGGRESSIVE;
				GCC_WARN_UNUSED_FUNCTION = YES;
				GCC_WARN_UNUSED_VARIABLE = YES;
				IPHONEOS_DEPLOYMENT_TARGET = 16.4;
				MTL_ENABLE_DEBUG_INFO = NO;
				MTL_FAST_MATH = YES;
				SDKROOT = iphoneos;
				SWIFT_COMPILATION_MODE = wholemodule;
				SWIFT_OPTIMIZATION_LEVEL = "-O";
				VALIDATE_PRODUCT = YES;
			};
			name = Release;
		};
		ADFC9D7F2B4AEACB00ABA9D3 /* Debug */ = {
			isa = XCBuildConfiguration;
			buildSettings = {
				ASSETCATALOG_COMPILER_APPICON_NAME = AppIcon;
				ASSETCATALOG_COMPILER_GLOBAL_ACCENT_COLOR_NAME = AccentColor;
				CODE_SIGN_STYLE = Automatic;
				CURRENT_PROJECT_VERSION = 1;
				GENERATE_INFOPLIST_FILE = YES;
				INFOPLIST_FILE = Heroes/SupprotingFiles/Info.plist;
				INFOPLIST_KEY_UIApplicationSupportsIndirectInputEvents = YES;
				INFOPLIST_KEY_UILaunchStoryboardName = LaunchScreen;
				INFOPLIST_KEY_UIRequiresFullScreen = NO;
				INFOPLIST_KEY_UIStatusBarStyle = "";
				INFOPLIST_KEY_UISupportedInterfaceOrientations_iPad = "UIInterfaceOrientationPortrait UIInterfaceOrientationPortraitUpsideDown UIInterfaceOrientationLandscapeLeft UIInterfaceOrientationLandscapeRight";
				INFOPLIST_KEY_UISupportedInterfaceOrientations_iPhone = "UIInterfaceOrientationPortrait UIInterfaceOrientationLandscapeLeft UIInterfaceOrientationLandscapeRight";
				LD_RUNPATH_SEARCH_PATHS = (
					"$(inherited)",
					"@executable_path/Frameworks",
				);
				MARKETING_VERSION = 1.0;
				PRODUCT_BUNDLE_IDENTIFIER = ru.maksimovnick.Heroes;
				PRODUCT_NAME = "$(TARGET_NAME)";
				SUPPORTED_PLATFORMS = "iphoneos iphonesimulator";
				SUPPORTS_MACCATALYST = NO;
				SUPPORTS_MAC_DESIGNED_FOR_IPHONE_IPAD = NO;
				SWIFT_EMIT_LOC_STRINGS = YES;
				SWIFT_VERSION = 5.0;
				TARGETED_DEVICE_FAMILY = "1,2";
			};
			name = Debug;
		};
		ADFC9D802B4AEACB00ABA9D3 /* Release */ = {
			isa = XCBuildConfiguration;
			buildSettings = {
				ASSETCATALOG_COMPILER_APPICON_NAME = AppIcon;
				ASSETCATALOG_COMPILER_GLOBAL_ACCENT_COLOR_NAME = AccentColor;
				CODE_SIGN_STYLE = Automatic;
				CURRENT_PROJECT_VERSION = 1;
				GENERATE_INFOPLIST_FILE = YES;
				INFOPLIST_FILE = Heroes/SupprotingFiles/Info.plist;
				INFOPLIST_KEY_UIApplicationSupportsIndirectInputEvents = YES;
				INFOPLIST_KEY_UILaunchStoryboardName = LaunchScreen;
				INFOPLIST_KEY_UIRequiresFullScreen = NO;
				INFOPLIST_KEY_UIStatusBarStyle = "";
				INFOPLIST_KEY_UISupportedInterfaceOrientations_iPad = "UIInterfaceOrientationPortrait UIInterfaceOrientationPortraitUpsideDown UIInterfaceOrientationLandscapeLeft UIInterfaceOrientationLandscapeRight";
				INFOPLIST_KEY_UISupportedInterfaceOrientations_iPhone = "UIInterfaceOrientationPortrait UIInterfaceOrientationLandscapeLeft UIInterfaceOrientationLandscapeRight";
				LD_RUNPATH_SEARCH_PATHS = (
					"$(inherited)",
					"@executable_path/Frameworks",
				);
				MARKETING_VERSION = 1.0;
				PRODUCT_BUNDLE_IDENTIFIER = ru.maksimovnick.Heroes;
				PRODUCT_NAME = "$(TARGET_NAME)";
				SUPPORTED_PLATFORMS = "iphoneos iphonesimulator";
				SUPPORTS_MACCATALYST = NO;
				SUPPORTS_MAC_DESIGNED_FOR_IPHONE_IPAD = NO;
				SWIFT_EMIT_LOC_STRINGS = YES;
				SWIFT_VERSION = 5.0;
				TARGETED_DEVICE_FAMILY = "1,2";
			};
			name = Release;
		};
/* End XCBuildConfiguration section */

/* Begin XCConfigurationList section */
		ADFC9D652B4AEAC900ABA9D3 /* Build configuration list for PBXProject "Heroes" */ = {
			isa = XCConfigurationList;
			buildConfigurations = (
				ADFC9D7C2B4AEACB00ABA9D3 /* Debug */,
				ADFC9D7D2B4AEACB00ABA9D3 /* Release */,
			);
			defaultConfigurationIsVisible = 0;
			defaultConfigurationName = Release;
		};
		ADFC9D7E2B4AEACB00ABA9D3 /* Build configuration list for PBXNativeTarget "Heroes" */ = {
			isa = XCConfigurationList;
			buildConfigurations = (
				ADFC9D7F2B4AEACB00ABA9D3 /* Debug */,
				ADFC9D802B4AEACB00ABA9D3 /* Release */,
			);
			defaultConfigurationIsVisible = 0;
			defaultConfigurationName = Release;
		};
/* End XCConfigurationList section */
	};
	rootObject = ADFC9D622B4AEAC900ABA9D3 /* Project object */;
}
